<?xml version="1.0" encoding="UTF-8"?>
<CodeBlocks_project_file>
	<FileVersion major="1" minor="6"/>
	<Project>
		<Option title="iprefresher"/>
		<Option makefile_is_custom="1"/>
		<Option compiler="gcc"/>
		<Option virtualFolders="CMake Files\;"/>
		<Build>
			<Target title="all">
				<Option working_dir="/home/lukas/CLionProjects/iprefresher"/>
				<Option type="4"/>
				<MakeCommands>
					<Build command="/usr/bin/make -f &quot;/home/lukas/CLionProjects/iprefresher/Makefile&quot;  VERBOSE=1 all"/>
					<CompileFile command="/usr/bin/make -f &quot;/home/lukas/CLionProjects/iprefresher/Makefile&quot;  VERBOSE=1 &quot;$file&quot;"/>
					<Clean command="/usr/bin/make -f &quot;/home/lukas/CLionProjects/iprefresher/Makefile&quot;  VERBOSE=1 clean"/>
					<DistClean command="/usr/bin/make -f &quot;/home/lukas/CLionProjects/iprefresher/Makefile&quot;  VERBOSE=1 clean"/>
				</MakeCommands>
			</Target>
			<Target title="rebuild_cache">
				<Option working_dir="/home/lukas/CLionProjects/iprefresher"/>
				<Option type="4"/>
				<MakeCommands>
					<Build command="/usr/bin/make -f &quot;/home/lukas/CLionProjects/iprefresher/Makefile&quot;  VERBOSE=1 rebuild_cache"/>
					<CompileFile command="/usr/bin/make -f &quot;/home/lukas/CLionProjects/iprefresher/Makefile&quot;  VERBOSE=1 &quot;$file&quot;"/>
					<Clean command="/usr/bin/make -f &quot;/home/lukas/CLionProjects/iprefresher/Makefile&quot;  VERBOSE=1 clean"/>
					<DistClean command="/usr/bin/make -f &quot;/home/lukas/CLionProjects/iprefresher/Makefile&quot;  VERBOSE=1 clean"/>
				</MakeCommands>
			</Target>
			<Target title="iprefresher">
				<Option output="/home/lukas/CLionProjects/iprefresher/iprefresher" prefix_auto="0" extension_auto="0"/>
				<Option working_dir="/home/lukas/CLionProjects/iprefresher"/>
				<Option object_output="./"/>
				<Option type="1"/>
				<Option compiler="gcc"/>
				<Compiler/>
				<MakeCommands>
					<Build command="/usr/bin/make -f &quot;/home/lukas/CLionProjects/iprefresher/Makefile&quot;  VERBOSE=1 iprefresher"/>
					<CompileFile command="/usr/bin/make -f &quot;/home/lukas/CLionProjects/iprefresher/Makefile&quot;  VERBOSE=1 &quot;$file&quot;"/>
					<Clean command="/usr/bin/make -f &quot;/home/lukas/CLionProjects/iprefresher/Makefile&quot;  VERBOSE=1 clean"/>
					<DistClean command="/usr/bin/make -f &quot;/home/lukas/CLionProjects/iprefresher/Makefile&quot;  VERBOSE=1 clean"/>
				</MakeCommands>
			</Target>
			<Target title="iprefresher/fast">
				<Option output="/home/lukas/CLionProjects/iprefresher/iprefresher" prefix_auto="0" extension_auto="0"/>
				<Option working_dir="/home/lukas/CLionProjects/iprefresher"/>
				<Option object_output="./"/>
				<Option type="1"/>
				<Option compiler="gcc"/>
				<Compiler/>
				<MakeCommands>
					<Build command="/usr/bin/make -f &quot;/home/lukas/CLionProjects/iprefresher/Makefile&quot;  VERBOSE=1 iprefresher/fast"/>
					<CompileFile command="/usr/bin/make -f &quot;/home/lukas/CLionProjects/iprefresher/Makefile&quot;  VERBOSE=1 &quot;$file&quot;"/>
					<Clean command="/usr/bin/make -f &quot;/home/lukas/CLionProjects/iprefresher/Makefile&quot;  VERBOSE=1 clean"/>
					<DistClean command="/usr/bin/make -f &quot;/home/lukas/CLionProjects/iprefresher/Makefile&quot;  VERBOSE=1 clean"/>
				</MakeCommands>
			</Target>
			<Target title="edit_cache">
				<Option working_dir="/home/lukas/CLionProjects/iprefresher"/>
				<Option type="4"/>
				<MakeCommands>
					<Build command="/usr/bin/make -f &quot;/home/lukas/CLionProjects/iprefresher/Makefile&quot;  VERBOSE=1 edit_cache"/>
					<CompileFile command="/usr/bin/make -f &quot;/home/lukas/CLionProjects/iprefresher/Makefile&quot;  VERBOSE=1 &quot;$file&quot;"/>
					<Clean command="/usr/bin/make -f &quot;/home/lukas/CLionProjects/iprefresher/Makefile&quot;  VERBOSE=1 clean"/>
					<DistClean command="/usr/bin/make -f &quot;/home/lukas/CLionProjects/iprefresher/Makefile&quot;  VERBOSE=1 clean"/>
				</MakeCommands>
			</Target>
		</Build>
		<Unit filename="/home/lukas/CLionProjects/iprefresher/API.cpp">
			<Option target="iprefresher"/>
		</Unit>
		<Unit filename="/home/lukas/CLionProjects/iprefresher/API.h">
			<Option target="iprefresher"/>
		</Unit>
		<Unit filename="/home/lukas/CLionProjects/iprefresher/Hashmap.h">
			<Option target="iprefresher"/>
		</Unit>
		<Unit filename="/home/lukas/CLionProjects/iprefresher/main.cpp">
			<Option target="iprefresher"/>
		</Unit>
		<Unit filename="/home/lukas/CLionProjects/iprefresher/CMakeLists.txt">
			<Option virtualFolder="CMake Files\"/>
		</Unit>
	</Project>
</CodeBlocks_project_file>
